
Microsoft Visual Studio Solution File, Format Version 12.00
# Visual Studio Version 17
VisualStudioVersion = 17.2.32516.85
MinimumVisualStudioVersion = 10.0.40219.1
Project("{FAE04EC0-301F-11D3-BF4B-00C04F79EFBC}") = "CSharpConcept", "CSharpConcept\CSharpConcept.csproj", "{BCF30F0D-B9B4-42DB-BC09-2DC5450872AE}"
EndProject
Project("{FAE04EC0-301F-11D3-BF4B-00C04F79EFBC}") = "SeleniumConcepts", "SeleniumConcepts\SeleniumConcepts.csproj", "{1F044AB6-2662-470A-86AD-2D6FEF0AE1C2}"
EndProject
Global
	GlobalSection(SolutionConfigurationPlatforms) = preSolution
		Debug|Any CPU = Debug|Any CPU
		Release|Any CPU = Release|Any CPU
	EndGlobalSection
	GlobalSection(ProjectConfigurationPlatforms) = postSolution
		{BCF30F0D-B9B4-42DB-BC09-2DC5450872AE}.Debug|Any CPU.ActiveCfg = Debug|Any CPU
		{BCF30F0D-B9B4-42DB-BC09-2DC5450872AE}.Debug|Any CPU.Build.0 = Debug|Any CPU
		{BCF30F0D-B9B4-42DB-BC09-2DC5450872AE}.Release|Any CPU.ActiveCfg = Release|Any CPU
		{BCF30F0D-B9B4-42DB-BC09-2DC5450872AE}.Release|Any CPU.Build.0 = Release|Any CPU
		{1F044AB6-2662-470A-86AD-2D6FEF0AE1C2}.Debug|Any CPU.ActiveCfg = Debug|Any CPU
		{1F044AB6-2662-470A-86AD-2D6FEF0AE1C2}.Debug|Any CPU.Build.0 = Debug|Any CPU
		{1F044AB6-2662-470A-86AD-2D6FEF0AE1C2}.Release|Any CPU.ActiveCfg = Release|Any CPU
		{1F044AB6-2662-470A-86AD-2D6FEF0AE1C2}.Release|Any CPU.Build.0 = Release|Any CPU
	EndGlobalSection
	GlobalSection(SolutionProperties) = preSolution
		HideSolutionNode = FALSE
	EndGlobalSection
	GlobalSection(ExtensibilityGlobals) = postSolution
		SolutionGuid = {C9CB0884-8A04-43D9-ADF3-3ADEE39F378C}
	EndGlobalSection
EndGlobal
